// !$*UTF8*$!
{
	archiveVersion = 1;
	classes = {
	};
	objectVersion = 50;
	objects = {

/* Begin PBXBuildFile section */
		0B51F89120DDE99000E7762B /* AppDelegate.swift in Sources */ = {isa = PBXBuildFile; fileRef = 0B51F89020DDE99000E7762B /* AppDelegate.swift */; };
		0B51F89320DDE99000E7762B /* ViewController.swift in Sources */ = {isa = PBXBuildFile; fileRef = 0B51F89220DDE99000E7762B /* ViewController.swift */; };
		0B51F89620DDE99000E7762B /* Main.storyboard in Resources */ = {isa = PBXBuildFile; fileRef = 0B51F89420DDE99000E7762B /* Main.storyboard */; };
		0B51F89820DDE99200E7762B /* Assets.xcassets in Resources */ = {isa = PBXBuildFile; fileRef = 0B51F89720DDE99200E7762B /* Assets.xcassets */; };
		0B51F89B20DDE99200E7762B /* LaunchScreen.storyboard in Resources */ = {isa = PBXBuildFile; fileRef = 0B51F89920DDE99200E7762B /* LaunchScreen.storyboard */; };
		0B51F8A320DDF5A700E7762B /* Card.swift in Sources */ = {isa = PBXBuildFile; fileRef = 0B51F8A220DDF5A700E7762B /* Card.swift */; };
/* End PBXBuildFile section */

/* Begin PBXFileReference section */
		0B51F88D20DDE99000E7762B /* swifttest.app */ = {isa = PBXFileReference; explicitFileType = wrapper.application; includeInIndex = 0; path = swifttest.app; sourceTree = BUILT_PRODUCTS_DIR; };
		0B51F89020DDE99000E7762B /* AppDelegate.swift */ = {isa = PBXFileReference; lastKnownFileType = sourcecode.swift; path = AppDelegate.swift; sourceTree = "<group>"; };
		0B51F89220DDE99000E7762B /* ViewController.swift */ = {isa = PBXFileReference; lastKnownFileType = sourcecode.swift; path = ViewController.swift; sourceTree = "<group>"; };
		0B51F89520DDE99000E7762B /* Base */ = {isa = PBXFileReference; lastKnownFileType = file.storyboard; name = Base; path = Base.lproj/Main.storyboard; sourceTree = "<group>"; };
		0B51F89720DDE99200E7762B /* Assets.xcassets */ = {isa = PBXFileReference; lastKnownFileType = folder.assetcatalog; path = Assets.xcassets; sourceTree = "<group>"; };
		0B51F89A20DDE99200E7762B /* Base */ = {isa = PBXFileReference; lastKnownFileType = file.storyboard; name = Base; path = Base.lproj/LaunchScreen.storyboard; sourceTree = "<group>"; };
		0B51F89C20DDE99200E7762B /* Info.plist */ = {isa = PBXFileReference; lastKnownFileType = text.plist.xml; path = Info.plist; sourceTree = "<group>"; };
		0B51F8A220DDF5A700E7762B /* Card.swift */ = {isa = PBXFileReference; lastKnownFileType = sourcecode.swift; path = Card.swift; sourceTree = "<group>"; };
/* End PBXFileReference section */

/* Begin PBXFrameworksBuildPhase section */
		0B51F88A20DDE98F00E7762B /* Frameworks */ = {
			isa = PBXFrameworksBuildPhase;
			buildActionMask = 2147483647;
			files = (
			);
			runOnlyForDeploymentPostprocessing = 0;
		};
/* End PBXFrameworksBuildPhase section */

/* Begin PBXGroup section */
		0B51F88420DDE98F00E7762B = {
			isa = PBXGroup;
			children = (
				0B51F88F20DDE99000E7762B /* swifttest */,
				0B51F88E20DDE99000E7762B /* Products */,
			);
			sourceTree = "<group>";
		};
		0B51F88E20DDE99000E7762B /* Products */ = {
			isa = PBXGroup;
			children = (
				0B51F88D20DDE99000E7762B /* swifttest.app */,
			);
			name = Products;
			sourceTree = "<group>";
		};
		0B51F88F20DDE99000E7762B /* swifttest */ = {
			isa = PBXGroup;
			children = (
				0B51F89020DDE99000E7762B /* AppDelegate.swift */,
				0B51F89220DDE99000E7762B /* ViewController.swift */,
				0B51F89420DDE99000E7762B /* Main.storyboard */,
				0B51F89720DDE99200E7762B /* Assets.xcassets */,
				0B51F89920DDE99200E7762B /* LaunchScreen.storyboard */,
				0B51F89C20DDE99200E7762B /* Info.plist */,
				0B51F8A220DDF5A700E7762B /* Card.swift */,
			);
			path = swifttest;
			sourceTree = "<group>";
		};
/* End PBXGroup section */

/* Begin PBXNativeTarget section */
		0B51F88C20DDE98F00E7762B /* swifttest */ = {
			isa = PBXNativeTarget;
			buildConfigurationList = 0B51F89F20DDE99200E7762B /* Build configuration list for PBXNativeTarget "swifttest" */;
			buildPhases = (
				0B51F88920DDE98F00E7762B /* Sources */,
				0B51F88A20DDE98F00E7762B /* Frameworks */,
				0B51F88B20DDE98F00E7762B /* Resources */,
			);
			buildRules = (
			);
			dependencies = (
			);
			name = swifttest;
			productName = swifttest;
			productReference = 0B51F88D20DDE99000E7762B /* swifttest.app */;
			productType = "com.apple.product-type.application";
		};
/* End PBXNativeTarget section */

/* Begin PBXProject section */
		0B51F88520DDE98F00E7762B /* Project object */ = {
			isa = PBXProject;
			attributes = {
				LastSwiftUpdateCheck = 0930;
				LastUpgradeCheck = 0930;
				ORGANIZATIONNAME = "Kapil Rathan";
				TargetAttributes = {
					0B51F88C20DDE98F00E7762B = {
						CreatedOnToolsVersion = 9.3;
					};
				};
			};
			buildConfigurationList = 0B51F88820DDE98F00E7762B /* Build configuration list for PBXProject "swifttest" */;
			compatibilityVersion = "Xcode 9.3";
			developmentRegion = en;
			hasScannedForEncodings = 0;
			knownRegions = (
				en,
				Base,
			);
			mainGroup = 0B51F88420DDE98F00E7762B;
			productRefGroup = 0B51F88E20DDE99000E7762B /* Products */;
			projectDirPath = "";
			projectRoot = "";
			targets = (
				0B51F88C20DDE98F00E7762B /* swifttest */,
			);
		};
/* End PBXProject section */

/* Begin PBXResourcesBuildPhase section */
		0B51F88B20DDE98F00E7762B /* Resources */ = {
			isa = PBXResourcesBuildPhase;
			buildActionMask = 2147483647;
			files = (
				0B51F89B20DDE99200E7762B /* LaunchScreen.storyboard in Resources */,
				0B51F89820DDE99200E7762B /* Assets.xcassets in Resources */,
				0B51F89620DDE99000E7762B /* Main.storyboard in Resources */,
			);
			runOnlyForDeploymentPostprocessing = 0;
		};
/* End PBXResourcesBuildPhase section */

/* Begin PBXSourcesBuildPhase section */
		0B51F88920DDE98F00E7762B /* Sources */ = {
			isa = PBXSourcesBuildPhase;
			buildActionMask = 2147483647;
			files = (
				0B51F89320DDE99000E7762B /* ViewController.swift in Sources */,
				0B51F8A320DDF5A700E7762B /* Card.swift in Sources */,
				0B51F89120DDE99000E7762B /* AppDelegate.swift in Sources */,
			);
			runOnlyForDeploymentPostprocessing = 0;
		};
/* End PBXSourcesBuildPhase section */

/* Begin PBXVariantGroup section */
		0B51F89420DDE99000E7762B /* Main.storyboard */ = {
			isa = PBXVariantGroup;
			children = (
				0B51F89520DDE99000E7762B /* Base */,
			);
			name = Main.storyboard;
			sourceTree = "<group>";
		};
		0B51F89920DDE99200E7762B /* LaunchScreen.storyboard */ = {
			isa = PBXVariantGroup;
			children = (
				0B51F89A20DDE99200E7762B /* Base */,
			);
			name = LaunchScreen.storyboard;
			sourceTree = "<group>";
		};
/* End PBXVariantGroup section */

/* Begin XCBuildConfiguration section */
		0B51F89D20DDE99200E7762B /* Debug */ = {
			isa = XCBuildConfiguration;
			buildSettings = {
				ALWAYS_SEARCH_USER_PATHS = NO;
				CLANG_ANALYZER_NONNULL = YES;
				CLANG_ANALYZER_NUMBER_OBJECT_CONVERSION = YES_AGGRESSIVE;
				CLANG_CXX_LANGUAGE_STANDARD = "gnu++14";
				CLANG_CXX_LIBRARY = "libc++";
				CLANG_ENABLE_MODULES = YES;
				CLANG_ENABLE_OBJC_ARC = YES;
				CLANG_ENABLE_OBJC_WEAK = YES;
				CLANG_WARN_BLOCK_CAPTURE_AUTORELEASING = YES;
				CLANG_WARN_BOOL_CONVERSION = YES;
				CLANG_WARN_COMMA = YES;
				CLANG_WARN_CONSTANT_CONVERSION = YES;
				CLANG_WARN_DEPRECATED_OBJC_IMPLEMENTATIONS = YES;
				CLANG_WARN_DIRECT_OBJC_ISA_USAGE = YES_ERROR;
				CLANG_WARN_DOCUMENTATION_COMMENTS = YES;
				CLANG_WARN_EMPTY_BODY = YES;
				CLANG_WARN_ENUM_CONVERSION = YES;
				CLANG_WARN_INFINITE_RECURSION = YES;
				CLANG_WARN_INT_CONVERSION = YES;
				CLANG_WARN_NON_LITERAL_NULL_CONVERSION = YES;
				CLANG_WARN_OBJC_IMPLICIT_RETAIN_SELF = YES;
				CLANG_WARN_OBJC_LITERAL_CONVERSION = YES;
				CLANG_WARN_OBJC_ROOT_CLASS = YES_ERROR;
				CLANG_WARN_RANGE_LOOP_ANALYSIS = YES;
				CLANG_WARN_STRICT_PROTOTYPES = YES;
				CLANG_WARN_SUSPICIOUS_MOVE = YES;
				CLANG_WARN_UNGUARDED_AVAILABILITY = YES_AGGRESSIVE;
				CLANG_WARN_UNREACHABLE_CODE = YES;
				CLANG_WARN__DUPLICATE_METHOD_MATCH = YES;
				CODE_SIGN_IDENTITY = "iPhone Developer";
				COPY_PHASE_STRIP = NO;
				DEBUG_INFORMATION_FORMAT = dwarf;
				ENABLE_STRICT_OBJC_MSGSEND = YES;
				ENABLE_TESTABILITY = YES;
				GCC_C_LANGUAGE_STANDARD = gnu11;
				GCC_DYNAMIC_NO_PIC = NO;
				GCC_NO_COMMON_BLOCKS = YES;
				GCC_OPTIMIZATION_LEVEL = 0;
				GCC_PREPROCESSOR_DEFINITIONS = (
					"DEBUG=1",
					"$(inherited)",
				);
				GCC_WARN_64_TO_32_BIT_CONVERSION = YES;
				GCC_WARN_ABOUT_RETURN_TYPE = YES_ERROR;
				GCC_WARN_UNDECLARED_SELECTOR = YES;
				GCC_WARN_UNINITIALIZED_AUTOS = YES_AGGRESSIVE;
				GCC_WARN_UNUSED_FUNCTION = YES;
				GCC_WARN_UNUSED_VARIABLE = YES;
				IPHONEOS_DEPLOYMENT_TARGET = 11.3;
				MTL_ENABLE_DEBUG_INFO = YES;
				ONLY_ACTIVE_ARCH = YES;
				SDKROOT = iphoneos;
				SWIFT_ACTIVE_COMPILATION_CONDITIONS = DEBUG;
				SWIFT_OPTIMIZATION_LEVEL = "-Onone";
			};
			name = Debug;
		};
		0B51F89E20DDE99200E7762B /* Release */ = {
			isa = XCBuildConfiguration;
			buildSettings = {
				ALWAYS_SEARCH_USER_PATHS = NO;
				CLANG_ANALYZER_NONNULL = YES;
				CLANG_ANALYZER_NUMBER_OBJECT_CONVERSION = YES_AGGRESSIVE;
				CLANG_CXX_LANGUAGE_STANDARD = "gnu++14";
				CLANG_CXX_LIBRARY = "libc++";
				CLANG_ENABLE_MODULES = YES;
				CLANG_ENABLE_OBJC_ARC = YES;
				CLANG_ENABLE_OBJC_WEAK = YES;
				CLANG_WARN_BLOCK_CAPTURE_AUTORELEASING = YES;
				CLANG_WARN_BOOL_CONVERSION = YES;
				CLANG_WARN_COMMA = YES;
				CLANG_WARN_CONSTANT_CONVERSION = YES;
				CLANG_WARN_DEPRECATED_OBJC_IMPLEMENTATIONS = YES;
				CLANG_WARN_DIRECT_OBJC_ISA_USAGE = YES_ERROR;
				CLANG_WARN_DOCUMENTATION_COMMENTS = YES;
				CLANG_WARN_EMPTY_BODY = YES;
				CLANG_WARN_ENUM_CONVERSION = YES;
				CLANG_WARN_INFINITE_RECURSION = YES;
				CLANG_WARN_INT_CONVERSION = YES;
				CLANG_WARN_NON_LITERAL_NULL_CONVERSION = YES;
				CLANG_WARN_OBJC_IMPLICIT_RETAIN_SELF = YES;
				CLANG_WARN_OBJC_LITERAL_CONVERSION = YES;
				CLANG_WARN_OBJC_ROOT_CLASS = YES_ERROR;
				CLANG_WARN_RANGE_LOOP_ANALYSIS = YES;
				CLANG_WARN_STRICT_PROTOTYPES = YES;
				CLANG_WARN_SUSPICIOUS_MOVE = YES;
				CLANG_WARN_UNGUARDED_AVAILABILITY = YES_AGGRESSIVE;
				CLANG_WARN_UNREACHABLE_CODE = YES;
				CLANG_WARN__DUPLICATE_METHOD_MATCH = YES;
				CODE_SIGN_IDENTITY = "iPhone Developer";
				COPY_PHASE_STRIP = NO;
				DEBUG_INFORMATION_FORMAT = "dwarf-with-dsym";
				ENABLE_NS_ASSERTIONS = NO;
				ENABLE_STRICT_OBJC_MSGSEND = YES;
				GCC_C_LANGUAGE_STANDARD = gnu11;
				GCC_NO_COMMON_BLOCKS = YES;
				GCC_WARN_64_TO_32_BIT_CONVERSION = YES;
				GCC_WARN_ABOUT_RETURN_TYPE = YES_ERROR;
				GCC_WARN_UNDECLARED_SELECTOR = YES;
				GCC_WARN_UNINITIALIZED_AUTOS = YES_AGGRESSIVE;
				GCC_WARN_UNUSED_FUNCTION = YES;
				GCC_WARN_UNUSED_VARIABLE = YES;
				IPHONEOS_DEPLOYMENT_TARGET = 11.3;
				MTL_ENABLE_DEBUG_INFO = NO;
				SDKROOT = iphoneos;
				SWIFT_COMPILATION_MODE = wholemodule;
				SWIFT_OPTIMIZATION_LEVEL = "-O";
				VALIDATE_PRODUCT = YES;
			};
			name = Release;
		};
		0B51F8A020DDE99200E7762B /* Debug */ = {
			isa = XCBuildConfiguration;
			buildSettings = {
				ASSETCATALOG_COMPILER_APPICON_NAME = AppIcon;
				CODE_SIGN_STYLE = Automatic;
				INFOPLIST_FILE = swifttest/Info.plist;
				LD_RUNPATH_SEARCH_PATHS = (
					"$(inherited)",
					"@executable_path/Frameworks",
				);
				PRODUCT_BUNDLE_IDENTIFIER = Home.swifttest;
				PRODUCT_NAME = "$(TARGET_NAME)";
				SWIFT_VERSION = 4.0;
				TARGETED_DEVICE_FAMILY = "1,2";
			};
			name = Debug;
		};
		0B51F8A120DDE99200E7762B /* Release */ = {
			isa = XCBuildConfiguration;
			buildSettings = {
				ASSETCATALOG_COMPILER_APPICON_NAME = AppIcon;
				CODE_SIGN_STYLE = Automatic;
				INFOPLIST_FILE = swifttest/Info.plist;
				LD_RUNPATH_SEARCH_PATHS = (
					"$(inherited)",
					"@executable_path/Frameworks",
				);
				PRODUCT_BUNDLE_IDENTIFIER = Home.swifttest;
				PRODUCT_NAME = "$(TARGET_NAME)";
				SWIFT_VERSION = 4.0;
				TARGETED_DEVICE_FAMILY = "1,2";
			};
			name = Release;
		};
/* End XCBuildConfiguration section */

/* Begin XCConfigurationList section */
		0B51F88820DDE98F00E7762B /* Build configuration list for PBXProject "swifttest" */ = {
			isa = XCConfigurationList;
			buildConfigurations = (
				0B51F89D20DDE99200E7762B /* Debug */,
				0B51F89E20DDE99200E7762B /* Release */,
			);
			defaultConfigurationIsVisible = 0;
			defaultConfigurationName = Release;
		};
		0B51F89F20DDE99200E7762B /* Build configuration list for PBXNativeTarget "swifttest" */ = {
			isa = XCConfigurationList;
			buildConfigurations = (
				0B51F8A020DDE99200E7762B /* Debug */,
				0B51F8A120DDE99200E7762B /* Release */,
			);
			defaultConfigurationIsVisible = 0;
			defaultConfigurationName = Release;
		};
/* End XCConfigurationList section */
	};
	rootObject = 0B51F88520DDE98F00E7762B /* Project object */;
}
